// !$*UTF8*$!
{
	archiveVersion = 1;
	classes = {
	};
	objectVersion = 56;
	objects = {

/* Begin PBXBuildFile section */
		6B012B7E2954ACE30045A51A /* Constants.swift in Sources */ = {isa = PBXBuildFile; fileRef = 6B012B7D2954ACE30045A51A /* Constants.swift */; };
		6B012B822954B26D0045A51A /* FavoriteCollectionViewCell.swift in Sources */ = {isa = PBXBuildFile; fileRef = 6B012B812954B26D0045A51A /* FavoriteCollectionViewCell.swift */; };
		6B072768294A39D200EC8CD3 /* TableView+ShowEmptyMessage.swift in Sources */ = {isa = PBXBuildFile; fileRef = 6B072767294A39D200EC8CD3 /* TableView+ShowEmptyMessage.swift */; };
		6B07276B294A401900EC8CD3 /* Texts.swift in Sources */ = {isa = PBXBuildFile; fileRef = 6B07276A294A401900EC8CD3 /* Texts.swift */; };
		6B14F24E294A0C5E00F3E617 /* DetailsViewController.swift in Sources */ = {isa = PBXBuildFile; fileRef = 6B14F24D294A0C5E00F3E617 /* DetailsViewController.swift */; };
		6B14F250294A0C6900F3E617 /* DetailsViewModel.swift in Sources */ = {isa = PBXBuildFile; fileRef = 6B14F24F294A0C6900F3E617 /* DetailsViewModel.swift */; };
		6B3BAE98295366E300412043 /* FavoritesViewModel.swift in Sources */ = {isa = PBXBuildFile; fileRef = 6B3BAE97295366E300412043 /* FavoritesViewModel.swift */; };
		6B3BAE9A295366FE00412043 /* FavoritesViewController.swift in Sources */ = {isa = PBXBuildFile; fileRef = 6B3BAE99295366FE00412043 /* FavoritesViewController.swift */; };
		6B3C4DD629560170009C02B1 /* Alertable.swift in Sources */ = {isa = PBXBuildFile; fileRef = 6B3C4DD529560170009C02B1 /* Alertable.swift */; };
		6B71A511295251C900404470 /* FavoriteMovie.swift in Sources */ = {isa = PBXBuildFile; fileRef = 6B71A510295251C900404470 /* FavoriteMovie.swift */; };
		6BA365CE294F400A008E5FA1 /* FavoriteOperationsProtocol.swift in Sources */ = {isa = PBXBuildFile; fileRef = 6BA365CD294F400A008E5FA1 /* FavoriteOperationsProtocol.swift */; };
		6BA365D3294F413E008E5FA1 /* FavoriteOperations.swift in Sources */ = {isa = PBXBuildFile; fileRef = 6BA365D2294F413E008E5FA1 /* FavoriteOperations.swift */; };
		6BBA15672949E66000D6A077 /* UpcomingMoviesTableViewCell.swift in Sources */ = {isa = PBXBuildFile; fileRef = 6BBA15662949E66000D6A077 /* UpcomingMoviesTableViewCell.swift */; };
		6BBA15692949EE5400D6A077 /* UpcomingMoviesCollectionViewCell.swift in Sources */ = {isa = PBXBuildFile; fileRef = 6BBA15682949EE5400D6A077 /* UpcomingMoviesCollectionViewCell.swift */; };
		6BBFF0F22945FAEF009BBC9C /* AppDelegate.swift in Sources */ = {isa = PBXBuildFile; fileRef = 6BBFF0F12945FAEF009BBC9C /* AppDelegate.swift */; };
		6BBFF0F42945FAEF009BBC9C /* SceneDelegate.swift in Sources */ = {isa = PBXBuildFile; fileRef = 6BBFF0F32945FAEF009BBC9C /* SceneDelegate.swift */; };
		6BBFF0F62945FAEF009BBC9C /* HomeViewController.swift in Sources */ = {isa = PBXBuildFile; fileRef = 6BBFF0F52945FAEF009BBC9C /* HomeViewController.swift */; };
		6BBFF0F92945FAEF009BBC9C /* Main.storyboard in Resources */ = {isa = PBXBuildFile; fileRef = 6BBFF0F72945FAEF009BBC9C /* Main.storyboard */; };
		6BBFF0FC2945FAEF009BBC9C /* swift_movie_app_mvvm.xcdatamodeld in Sources */ = {isa = PBXBuildFile; fileRef = 6BBFF0FA2945FAEF009BBC9C /* swift_movie_app_mvvm.xcdatamodeld */; };
		6BBFF0FE2945FAF1009BBC9C /* Assets.xcassets in Resources */ = {isa = PBXBuildFile; fileRef = 6BBFF0FD2945FAF1009BBC9C /* Assets.xcassets */; };
		6BBFF1012945FAF1009BBC9C /* LaunchScreen.storyboard in Resources */ = {isa = PBXBuildFile; fileRef = 6BBFF0FF2945FAF1009BBC9C /* LaunchScreen.storyboard */; };
		6BBFF10F2945FDDB009BBC9C /* HomeViewModel.swift in Sources */ = {isa = PBXBuildFile; fileRef = 6BBFF10E2945FDDB009BBC9C /* HomeViewModel.swift */; };
		6BBFF11229461A58009BBC9C /* MovieTableViewCell.swift in Sources */ = {isa = PBXBuildFile; fileRef = 6BBFF11129461A58009BBC9C /* MovieTableViewCell.swift */; };
		6BBFF11429462A7A009BBC9C /* Movie.swift in Sources */ = {isa = PBXBuildFile; fileRef = 6BBFF11329462A7A009BBC9C /* Movie.swift */; };
		6BBFF11829463B43009BBC9C /* ApiEndpoints.swift in Sources */ = {isa = PBXBuildFile; fileRef = 6BBFF11729463B43009BBC9C /* ApiEndpoints.swift */; };
		6BBFF11A29463B4E009BBC9C /* WebService.swift in Sources */ = {isa = PBXBuildFile; fileRef = 6BBFF11929463B4E009BBC9C /* WebService.swift */; };
		6BBFF11C29463B7D009BBC9C /* Keys.swift in Sources */ = {isa = PBXBuildFile; fileRef = 6BBFF11B29463B7D009BBC9C /* Keys.swift */; };
		6BBFF12129463DCD009BBC9C /* UIApplication+CurrentUIWindow.swift in Sources */ = {isa = PBXBuildFile; fileRef = 6BBFF12029463DCD009BBC9C /* UIApplication+CurrentUIWindow.swift */; };
		6BBFF12429464113009BBC9C /* Loading.swift in Sources */ = {isa = PBXBuildFile; fileRef = 6BBFF12329464113009BBC9C /* Loading.swift */; };
		9617055F09964226C81B664A /* Pods_swift_movie_app_mvvm.framework in Frameworks */ = {isa = PBXBuildFile; fileRef = 8250EEB9A8F26A1E9CBC8371 /* Pods_swift_movie_app_mvvm.framework */; };
/* End PBXBuildFile section */

/* Begin PBXFileReference section */
		01CEA44361A05D52A4FB9A34 /* Pods-swift-movie-app-mvvm.release.xcconfig */ = {isa = PBXFileReference; includeInIndex = 1; lastKnownFileType = text.xcconfig; name = "Pods-swift-movie-app-mvvm.release.xcconfig"; path = "Target Support Files/Pods-swift-movie-app-mvvm/Pods-swift-movie-app-mvvm.release.xcconfig"; sourceTree = "<group>"; };
		6B012B7D2954ACE30045A51A /* Constants.swift */ = {isa = PBXFileReference; lastKnownFileType = sourcecode.swift; path = Constants.swift; sourceTree = "<group>"; };
		6B012B812954B26D0045A51A /* FavoriteCollectionViewCell.swift */ = {isa = PBXFileReference; lastKnownFileType = sourcecode.swift; path = FavoriteCollectionViewCell.swift; sourceTree = "<group>"; };
		6B072767294A39D200EC8CD3 /* TableView+ShowEmptyMessage.swift */ = {isa = PBXFileReference; lastKnownFileType = sourcecode.swift; path = "TableView+ShowEmptyMessage.swift"; sourceTree = "<group>"; };
		6B07276A294A401900EC8CD3 /* Texts.swift */ = {isa = PBXFileReference; lastKnownFileType = sourcecode.swift; path = Texts.swift; sourceTree = "<group>"; };
		6B14F24D294A0C5E00F3E617 /* DetailsViewController.swift */ = {isa = PBXFileReference; lastKnownFileType = sourcecode.swift; path = DetailsViewController.swift; sourceTree = "<group>"; };
		6B14F24F294A0C6900F3E617 /* DetailsViewModel.swift */ = {isa = PBXFileReference; lastKnownFileType = sourcecode.swift; path = DetailsViewModel.swift; sourceTree = "<group>"; };
		6B3BAE97295366E300412043 /* FavoritesViewModel.swift */ = {isa = PBXFileReference; lastKnownFileType = sourcecode.swift; path = FavoritesViewModel.swift; sourceTree = "<group>"; };
		6B3BAE99295366FE00412043 /* FavoritesViewController.swift */ = {isa = PBXFileReference; lastKnownFileType = sourcecode.swift; path = FavoritesViewController.swift; sourceTree = "<group>"; };
		6B3C4DD529560170009C02B1 /* Alertable.swift */ = {isa = PBXFileReference; lastKnownFileType = sourcecode.swift; path = Alertable.swift; sourceTree = "<group>"; };
		6B71A510295251C900404470 /* FavoriteMovie.swift */ = {isa = PBXFileReference; lastKnownFileType = sourcecode.swift; path = FavoriteMovie.swift; sourceTree = "<group>"; };
		6BA365CD294F400A008E5FA1 /* FavoriteOperationsProtocol.swift */ = {isa = PBXFileReference; lastKnownFileType = sourcecode.swift; path = FavoriteOperationsProtocol.swift; sourceTree = "<group>"; };
		6BA365D2294F413E008E5FA1 /* FavoriteOperations.swift */ = {isa = PBXFileReference; lastKnownFileType = sourcecode.swift; path = FavoriteOperations.swift; sourceTree = "<group>"; };
		6BBA15662949E66000D6A077 /* UpcomingMoviesTableViewCell.swift */ = {isa = PBXFileReference; lastKnownFileType = sourcecode.swift; path = UpcomingMoviesTableViewCell.swift; sourceTree = "<group>"; };
		6BBA15682949EE5400D6A077 /* UpcomingMoviesCollectionViewCell.swift */ = {isa = PBXFileReference; lastKnownFileType = sourcecode.swift; path = UpcomingMoviesCollectionViewCell.swift; sourceTree = "<group>"; };
		6BBFF0EE2945FAEF009BBC9C /* swift-movie-app-mvvm.app */ = {isa = PBXFileReference; explicitFileType = wrapper.application; includeInIndex = 0; path = "swift-movie-app-mvvm.app"; sourceTree = BUILT_PRODUCTS_DIR; };
		6BBFF0F12945FAEF009BBC9C /* AppDelegate.swift */ = {isa = PBXFileReference; lastKnownFileType = sourcecode.swift; path = AppDelegate.swift; sourceTree = "<group>"; };
		6BBFF0F32945FAEF009BBC9C /* SceneDelegate.swift */ = {isa = PBXFileReference; lastKnownFileType = sourcecode.swift; path = SceneDelegate.swift; sourceTree = "<group>"; };
		6BBFF0F52945FAEF009BBC9C /* HomeViewController.swift */ = {isa = PBXFileReference; lastKnownFileType = sourcecode.swift; path = HomeViewController.swift; sourceTree = "<group>"; };
		6BBFF0F82945FAEF009BBC9C /* Base */ = {isa = PBXFileReference; lastKnownFileType = file.storyboard; name = Base; path = Base.lproj/Main.storyboard; sourceTree = "<group>"; };
		6BBFF0FB2945FAEF009BBC9C /* swift_movie_app_mvvm.xcdatamodel */ = {isa = PBXFileReference; lastKnownFileType = wrapper.xcdatamodel; path = swift_movie_app_mvvm.xcdatamodel; sourceTree = "<group>"; };
		6BBFF0FD2945FAF1009BBC9C /* Assets.xcassets */ = {isa = PBXFileReference; lastKnownFileType = folder.assetcatalog; path = Assets.xcassets; sourceTree = "<group>"; };
		6BBFF1002945FAF1009BBC9C /* Base */ = {isa = PBXFileReference; lastKnownFileType = file.storyboard; name = Base; path = Base.lproj/LaunchScreen.storyboard; sourceTree = "<group>"; };
		6BBFF1022945FAF1009BBC9C /* Info.plist */ = {isa = PBXFileReference; lastKnownFileType = text.plist.xml; path = Info.plist; sourceTree = "<group>"; };
		6BBFF10E2945FDDB009BBC9C /* HomeViewModel.swift */ = {isa = PBXFileReference; lastKnownFileType = sourcecode.swift; path = HomeViewModel.swift; sourceTree = "<group>"; };
		6BBFF11129461A58009BBC9C /* MovieTableViewCell.swift */ = {isa = PBXFileReference; lastKnownFileType = sourcecode.swift; path = MovieTableViewCell.swift; sourceTree = "<group>"; };
		6BBFF11329462A7A009BBC9C /* Movie.swift */ = {isa = PBXFileReference; lastKnownFileType = sourcecode.swift; path = Movie.swift; sourceTree = "<group>"; };
		6BBFF11729463B43009BBC9C /* ApiEndpoints.swift */ = {isa = PBXFileReference; lastKnownFileType = sourcecode.swift; path = ApiEndpoints.swift; sourceTree = "<group>"; };
		6BBFF11929463B4E009BBC9C /* WebService.swift */ = {isa = PBXFileReference; lastKnownFileType = sourcecode.swift; path = WebService.swift; sourceTree = "<group>"; };
		6BBFF11B29463B7D009BBC9C /* Keys.swift */ = {isa = PBXFileReference; lastKnownFileType = sourcecode.swift; path = Keys.swift; sourceTree = "<group>"; };
		6BBFF12029463DCD009BBC9C /* UIApplication+CurrentUIWindow.swift */ = {isa = PBXFileReference; lastKnownFileType = sourcecode.swift; path = "UIApplication+CurrentUIWindow.swift"; sourceTree = "<group>"; };
		6BBFF12329464113009BBC9C /* Loading.swift */ = {isa = PBXFileReference; lastKnownFileType = sourcecode.swift; path = Loading.swift; sourceTree = "<group>"; };
		8250EEB9A8F26A1E9CBC8371 /* Pods_swift_movie_app_mvvm.framework */ = {isa = PBXFileReference; explicitFileType = wrapper.framework; includeInIndex = 0; path = Pods_swift_movie_app_mvvm.framework; sourceTree = BUILT_PRODUCTS_DIR; };
		8D06512CB5522780BC8F1364 /* Pods-swift-movie-app-mvvm.debug.xcconfig */ = {isa = PBXFileReference; includeInIndex = 1; lastKnownFileType = text.xcconfig; name = "Pods-swift-movie-app-mvvm.debug.xcconfig"; path = "Target Support Files/Pods-swift-movie-app-mvvm/Pods-swift-movie-app-mvvm.debug.xcconfig"; sourceTree = "<group>"; };
/* End PBXFileReference section */

/* Begin PBXFrameworksBuildPhase section */
		6BBFF0EB2945FAEF009BBC9C /* Frameworks */ = {
			isa = PBXFrameworksBuildPhase;
			buildActionMask = 2147483647;
			files = (
				9617055F09964226C81B664A /* Pods_swift_movie_app_mvvm.framework in Frameworks */,
			);
			runOnlyForDeploymentPostprocessing = 0;
		};
/* End PBXFrameworksBuildPhase section */

/* Begin PBXGroup section */
		6B012B7C2954ACD40045A51A /* Constants */ = {
			isa = PBXGroup;
			children = (
				6BBFF11B29463B7D009BBC9C /* Keys.swift */,
				6B012B7D2954ACE30045A51A /* Constants.swift */,
			);
			path = Constants;
			sourceTree = "<group>";
		};
		6B012B7F2954AF6F0045A51A /* CoreData */ = {
			isa = PBXGroup;
			children = (
				6B71A510295251C900404470 /* FavoriteMovie.swift */,
			);
			path = CoreData;
			sourceTree = "<group>";
		};
		6B012B802954B2510045A51A /* Cell */ = {
			isa = PBXGroup;
			children = (
				6B012B812954B26D0045A51A /* FavoriteCollectionViewCell.swift */,
			);
			path = Cell;
			sourceTree = "<group>";
		};
		6B072769294A400800EC8CD3 /* Constants */ = {
			isa = PBXGroup;
			children = (
				6B07276A294A401900EC8CD3 /* Texts.swift */,
			);
			path = Constants;
			sourceTree = "<group>";
		};
		6B14F24C294A09C200F3E617 /* Details */ = {
			isa = PBXGroup;
			children = (
				6B14F24D294A0C5E00F3E617 /* DetailsViewController.swift */,
				6B14F24F294A0C6900F3E617 /* DetailsViewModel.swift */,
			);
			path = Details;
			sourceTree = "<group>";
		};
		6B3BAE95295366CA00412043 /* Favorites */ = {
			isa = PBXGroup;
			children = (
				6B012B802954B2510045A51A /* Cell */,
				6B3BAE97295366E300412043 /* FavoritesViewModel.swift */,
				6B3BAE99295366FE00412043 /* FavoritesViewController.swift */,
			);
			path = Favorites;
			sourceTree = "<group>";
		};
		6BA365C9294F3FEA008E5FA1 /* CoreData */ = {
			isa = PBXGroup;
			children = (
				6BA365CC294F3FFF008E5FA1 /* Protocols */,
				6BA365CF294F40B0008E5FA1 /* Extensions */,
			);
			path = CoreData;
			sourceTree = "<group>";
		};
		6BA365CC294F3FFF008E5FA1 /* Protocols */ = {
			isa = PBXGroup;
			children = (
				6BA365CD294F400A008E5FA1 /* FavoriteOperationsProtocol.swift */,
			);
			path = Protocols;
			sourceTree = "<group>";
		};
		6BA365CF294F40B0008E5FA1 /* Extensions */ = {
			isa = PBXGroup;
			children = (
				6BA365D2294F413E008E5FA1 /* FavoriteOperations.swift */,
			);
			path = Extensions;
			sourceTree = "<group>";
		};
		6BBFF0E52945FAEF009BBC9C = {
			isa = PBXGroup;
			children = (
				6BBFF0F02945FAEF009BBC9C /* swift-movie-app-mvvm */,
				6BBFF0EF2945FAEF009BBC9C /* Products */,
				6D6D8A0DAB84FE8BE19A5BFF /* Pods */,
				CA7BAFB1746FD90402C2E981 /* Frameworks */,
			);
			sourceTree = "<group>";
		};
		6BBFF0EF2945FAEF009BBC9C /* Products */ = {
			isa = PBXGroup;
			children = (
				6BBFF0EE2945FAEF009BBC9C /* swift-movie-app-mvvm.app */,
			);
			name = Products;
			sourceTree = "<group>";
		};
		6BBFF0F02945FAEF009BBC9C /* swift-movie-app-mvvm */ = {
			isa = PBXGroup;
			children = (
				6BBFF10C2945FD8C009BBC9C /* Application */,
				6BBFF11D29463CFE009BBC9C /* Presentation */,
				6BBFF10A2945FD81009BBC9C /* Data */,
				6BBFF1082945FD60009BBC9C /* Models */,
			);
			path = "swift-movie-app-mvvm";
			sourceTree = "<group>";
		};
		6BBFF1082945FD60009BBC9C /* Models */ = {
			isa = PBXGroup;
			children = (
				6B012B7F2954AF6F0045A51A /* CoreData */,
				6BBFF11329462A7A009BBC9C /* Movie.swift */,
			);
			path = Models;
			sourceTree = "<group>";
		};
		6BBFF10A2945FD81009BBC9C /* Data */ = {
			isa = PBXGroup;
			children = (
				6B012B7C2954ACD40045A51A /* Constants */,
				6BA365C9294F3FEA008E5FA1 /* CoreData */,
				6BBFF11629463B35009BBC9C /* Endpoints */,
				6BBFF11529463A82009BBC9C /* Services */,
			);
			path = Data;
			sourceTree = "<group>";
		};
		6BBFF10B2945FD86009BBC9C /* Screens */ = {
			isa = PBXGroup;
			children = (
				6B3BAE95295366CA00412043 /* Favorites */,
				6B14F24C294A09C200F3E617 /* Details */,
				6BBFF10D2945FDB6009BBC9C /* Home */,
				6BBFF0F72945FAEF009BBC9C /* Main.storyboard */,
			);
			path = Screens;
			sourceTree = "<group>";
		};
		6BBFF10C2945FD8C009BBC9C /* Application */ = {
			isa = PBXGroup;
			children = (
				6BBFF0F12945FAEF009BBC9C /* AppDelegate.swift */,
				6BBFF0F32945FAEF009BBC9C /* SceneDelegate.swift */,
				6BBFF0FD2945FAF1009BBC9C /* Assets.xcassets */,
				6BBFF0FF2945FAF1009BBC9C /* LaunchScreen.storyboard */,
				6BBFF1022945FAF1009BBC9C /* Info.plist */,
				6BBFF0FA2945FAEF009BBC9C /* swift_movie_app_mvvm.xcdatamodeld */,
			);
			path = Application;
			sourceTree = "<group>";
		};
		6BBFF10D2945FDB6009BBC9C /* Home */ = {
			isa = PBXGroup;
			children = (
				6BBFF11029461A1F009BBC9C /* Cell */,
				6BBFF0F52945FAEF009BBC9C /* HomeViewController.swift */,
				6BBFF10E2945FDDB009BBC9C /* HomeViewModel.swift */,
			);
			path = Home;
			sourceTree = "<group>";
		};
		6BBFF11029461A1F009BBC9C /* Cell */ = {
			isa = PBXGroup;
			children = (
				6BBFF11129461A58009BBC9C /* MovieTableViewCell.swift */,
				6BBA15662949E66000D6A077 /* UpcomingMoviesTableViewCell.swift */,
				6BBA15682949EE5400D6A077 /* UpcomingMoviesCollectionViewCell.swift */,
			);
			path = Cell;
			sourceTree = "<group>";
		};
		6BBFF11529463A82009BBC9C /* Services */ = {
			isa = PBXGroup;
			children = (
				6BBFF11929463B4E009BBC9C /* WebService.swift */,
			);
			path = Services;
			sourceTree = "<group>";
		};
		6BBFF11629463B35009BBC9C /* Endpoints */ = {
			isa = PBXGroup;
			children = (
				6BBFF11729463B43009BBC9C /* ApiEndpoints.swift */,
			);
			path = Endpoints;
			sourceTree = "<group>";
		};
		6BBFF11D29463CFE009BBC9C /* Presentation */ = {
			isa = PBXGroup;
			children = (
				6BBFF11E29463D14009BBC9C /* Utils */,
				6BBFF10B2945FD86009BBC9C /* Screens */,
			);
			path = Presentation;
			sourceTree = "<group>";
		};
		6BBFF11E29463D14009BBC9C /* Utils */ = {
			isa = PBXGroup;
			children = (
				6B072769294A400800EC8CD3 /* Constants */,
				6BBFF122294640A0009BBC9C /* Protocols */,
				6BBFF11F29463D85009BBC9C /* Extensions */,
			);
			path = Utils;
			sourceTree = "<group>";
		};
		6BBFF11F29463D85009BBC9C /* Extensions */ = {
			isa = PBXGroup;
			children = (
				6BBFF12029463DCD009BBC9C /* UIApplication+CurrentUIWindow.swift */,
				6B072767294A39D200EC8CD3 /* TableView+ShowEmptyMessage.swift */,
			);
			path = Extensions;
			sourceTree = "<group>";
		};
		6BBFF122294640A0009BBC9C /* Protocols */ = {
			isa = PBXGroup;
			children = (
				6BBFF12329464113009BBC9C /* Loading.swift */,
				6B3C4DD529560170009C02B1 /* Alertable.swift */,
			);
			path = Protocols;
			sourceTree = "<group>";
		};
		6D6D8A0DAB84FE8BE19A5BFF /* Pods */ = {
			isa = PBXGroup;
			children = (
				8D06512CB5522780BC8F1364 /* Pods-swift-movie-app-mvvm.debug.xcconfig */,
				01CEA44361A05D52A4FB9A34 /* Pods-swift-movie-app-mvvm.release.xcconfig */,
			);
			path = Pods;
			sourceTree = "<group>";
		};
		CA7BAFB1746FD90402C2E981 /* Frameworks */ = {
			isa = PBXGroup;
			children = (
				8250EEB9A8F26A1E9CBC8371 /* Pods_swift_movie_app_mvvm.framework */,
			);
			name = Frameworks;
			sourceTree = "<group>";
		};
/* End PBXGroup section */

/* Begin PBXNativeTarget section */
		6BBFF0ED2945FAEF009BBC9C /* swift-movie-app-mvvm */ = {
			isa = PBXNativeTarget;
			buildConfigurationList = 6BBFF1052945FAF1009BBC9C /* Build configuration list for PBXNativeTarget "swift-movie-app-mvvm" */;
			buildPhases = (
				5CCFF8B076C2F249FDBA74C1 /* [CP] Check Pods Manifest.lock */,
				6BBFF0EA2945FAEF009BBC9C /* Sources */,
				6BBFF0EB2945FAEF009BBC9C /* Frameworks */,
				6BBFF0EC2945FAEF009BBC9C /* Resources */,
				762776F021E120BEDAE0EC76 /* [CP] Embed Pods Frameworks */,
			);
			buildRules = (
			);
			dependencies = (
			);
			name = "swift-movie-app-mvvm";
			productName = "swift-movie-app-mvvm";
			productReference = 6BBFF0EE2945FAEF009BBC9C /* swift-movie-app-mvvm.app */;
			productType = "com.apple.product-type.application";
		};
/* End PBXNativeTarget section */

/* Begin PBXProject section */
		6BBFF0E62945FAEF009BBC9C /* Project object */ = {
			isa = PBXProject;
			attributes = {
				BuildIndependentTargetsInParallel = 1;
				LastSwiftUpdateCheck = 1410;
				LastUpgradeCheck = 1410;
				TargetAttributes = {
					6BBFF0ED2945FAEF009BBC9C = {
						CreatedOnToolsVersion = 14.1;
					};
				};
			};
			buildConfigurationList = 6BBFF0E92945FAEF009BBC9C /* Build configuration list for PBXProject "swift-movie-app-mvvm" */;
			compatibilityVersion = "Xcode 14.0";
			developmentRegion = en;
			hasScannedForEncodings = 0;
			knownRegions = (
				en,
				Base,
			);
			mainGroup = 6BBFF0E52945FAEF009BBC9C;
			productRefGroup = 6BBFF0EF2945FAEF009BBC9C /* Products */;
			projectDirPath = "";
			projectRoot = "";
			targets = (
				6BBFF0ED2945FAEF009BBC9C /* swift-movie-app-mvvm */,
			);
		};
/* End PBXProject section */

/* Begin PBXResourcesBuildPhase section */
		6BBFF0EC2945FAEF009BBC9C /* Resources */ = {
			isa = PBXResourcesBuildPhase;
			buildActionMask = 2147483647;
			files = (
				6BBFF1012945FAF1009BBC9C /* LaunchScreen.storyboard in Resources */,
				6BBFF0FE2945FAF1009BBC9C /* Assets.xcassets in Resources */,
				6BBFF0F92945FAEF009BBC9C /* Main.storyboard in Resources */,
			);
			runOnlyForDeploymentPostprocessing = 0;
		};
/* End PBXResourcesBuildPhase section */

/* Begin PBXShellScriptBuildPhase section */
		5CCFF8B076C2F249FDBA74C1 /* [CP] Check Pods Manifest.lock */ = {
			isa = PBXShellScriptBuildPhase;
			buildActionMask = 2147483647;
			files = (
			);
			inputFileListPaths = (
			);
			inputPaths = (
				"${PODS_PODFILE_DIR_PATH}/Podfile.lock",
				"${PODS_ROOT}/Manifest.lock",
			);
			name = "[CP] Check Pods Manifest.lock";
			outputFileListPaths = (
			);
			outputPaths = (
				"$(DERIVED_FILE_DIR)/Pods-swift-movie-app-mvvm-checkManifestLockResult.txt",
			);
			runOnlyForDeploymentPostprocessing = 0;
			shellPath = /bin/sh;
			shellScript = "diff \"${PODS_PODFILE_DIR_PATH}/Podfile.lock\" \"${PODS_ROOT}/Manifest.lock\" > /dev/null\nif [ $? != 0 ] ; then\n    # print error to STDERR\n    echo \"error: The sandbox is not in sync with the Podfile.lock. Run 'pod install' or update your CocoaPods installation.\" >&2\n    exit 1\nfi\n# This output is used by Xcode 'outputs' to avoid re-running this script phase.\necho \"SUCCESS\" > \"${SCRIPT_OUTPUT_FILE_0}\"\n";
			showEnvVarsInLog = 0;
		};
		762776F021E120BEDAE0EC76 /* [CP] Embed Pods Frameworks */ = {
			isa = PBXShellScriptBuildPhase;
			buildActionMask = 2147483647;
			files = (
			);
			inputFileListPaths = (
				"${PODS_ROOT}/Target Support Files/Pods-swift-movie-app-mvvm/Pods-swift-movie-app-mvvm-frameworks-${CONFIGURATION}-input-files.xcfilelist",
			);
			name = "[CP] Embed Pods Frameworks";
			outputFileListPaths = (
				"${PODS_ROOT}/Target Support Files/Pods-swift-movie-app-mvvm/Pods-swift-movie-app-mvvm-frameworks-${CONFIGURATION}-output-files.xcfilelist",
			);
			runOnlyForDeploymentPostprocessing = 0;
			shellPath = /bin/sh;
			shellScript = "\"${PODS_ROOT}/Target Support Files/Pods-swift-movie-app-mvvm/Pods-swift-movie-app-mvvm-frameworks.sh\"\n";
			showEnvVarsInLog = 0;
		};
/* End PBXShellScriptBuildPhase section */

/* Begin PBXSourcesBuildPhase section */
		6BBFF0EA2945FAEF009BBC9C /* Sources */ = {
			isa = PBXSourcesBuildPhase;
			buildActionMask = 2147483647;
			files = (
				6BBFF11A29463B4E009BBC9C /* WebService.swift in Sources */,
				6BBA15692949EE5400D6A077 /* UpcomingMoviesCollectionViewCell.swift in Sources */,
				6BBFF11429462A7A009BBC9C /* Movie.swift in Sources */,
				6BBFF0F62945FAEF009BBC9C /* HomeViewController.swift in Sources */,
				6BBFF0F22945FAEF009BBC9C /* AppDelegate.swift in Sources */,
				6BBFF11829463B43009BBC9C /* ApiEndpoints.swift in Sources */,
				6BBFF11229461A58009BBC9C /* MovieTableViewCell.swift in Sources */,
				6BBFF0FC2945FAEF009BBC9C /* swift_movie_app_mvvm.xcdatamodeld in Sources */,
				6B71A511295251C900404470 /* FavoriteMovie.swift in Sources */,
				6B072768294A39D200EC8CD3 /* TableView+ShowEmptyMessage.swift in Sources */,
				6BBFF12129463DCD009BBC9C /* UIApplication+CurrentUIWindow.swift in Sources */,
				6BBFF10F2945FDDB009BBC9C /* HomeViewModel.swift in Sources */,
				6B3BAE98295366E300412043 /* FavoritesViewModel.swift in Sources */,
				6BA365D3294F413E008E5FA1 /* FavoriteOperations.swift in Sources */,
				6B012B822954B26D0045A51A /* FavoriteCollectionViewCell.swift in Sources */,
				6BBFF0F42945FAEF009BBC9C /* SceneDelegate.swift in Sources */,
				6B07276B294A401900EC8CD3 /* Texts.swift in Sources */,
				6BBA15672949E66000D6A077 /* UpcomingMoviesTableViewCell.swift in Sources */,
				6B3C4DD629560170009C02B1 /* Alertable.swift in Sources */,
				6B14F24E294A0C5E00F3E617 /* DetailsViewController.swift in Sources */,
				6BA365CE294F400A008E5FA1 /* FavoriteOperationsProtocol.swift in Sources */,
				6BBFF12429464113009BBC9C /* Loading.swift in Sources */,
				6B3BAE9A295366FE00412043 /* FavoritesViewController.swift in Sources */,
				6BBFF11C29463B7D009BBC9C /* Keys.swift in Sources */,
				6B14F250294A0C6900F3E617 /* DetailsViewModel.swift in Sources */,
				6B012B7E2954ACE30045A51A /* Constants.swift in Sources */,
			);
			runOnlyForDeploymentPostprocessing = 0;
		};
/* End PBXSourcesBuildPhase section */

/* Begin PBXVariantGroup section */
		6BBFF0F72945FAEF009BBC9C /* Main.storyboard */ = {
			isa = PBXVariantGroup;
			children = (
				6BBFF0F82945FAEF009BBC9C /* Base */,
			);
			name = Main.storyboard;
			sourceTree = "<group>";
		};
		6BBFF0FF2945FAF1009BBC9C /* LaunchScreen.storyboard */ = {
			isa = PBXVariantGroup;
			children = (
				6BBFF1002945FAF1009BBC9C /* Base */,
			);
			name = LaunchScreen.storyboard;
			sourceTree = "<group>";
		};
/* End PBXVariantGroup section */

/* Begin XCBuildConfiguration section */
		6BBFF1032945FAF1009BBC9C /* Debug */ = {
			isa = XCBuildConfiguration;
			buildSettings = {
				ALWAYS_SEARCH_USER_PATHS = NO;
				CLANG_ANALYZER_NONNULL = YES;
				CLANG_ANALYZER_NUMBER_OBJECT_CONVERSION = YES_AGGRESSIVE;
				CLANG_CXX_LANGUAGE_STANDARD = "gnu++20";
				CLANG_ENABLE_MODULES = YES;
				CLANG_ENABLE_OBJC_ARC = YES;
				CLANG_ENABLE_OBJC_WEAK = YES;
				CLANG_WARN_BLOCK_CAPTURE_AUTORELEASING = YES;
				CLANG_WARN_BOOL_CONVERSION = YES;
				CLANG_WARN_COMMA = YES;
				CLANG_WARN_CONSTANT_CONVERSION = YES;
				CLANG_WARN_DEPRECATED_OBJC_IMPLEMENTATIONS = YES;
				CLANG_WARN_DIRECT_OBJC_ISA_USAGE = YES_ERROR;
				CLANG_WARN_DOCUMENTATION_COMMENTS = YES;
				CLANG_WARN_EMPTY_BODY = YES;
				CLANG_WARN_ENUM_CONVERSION = YES;
				CLANG_WARN_INFINITE_RECURSION = YES;
				CLANG_WARN_INT_CONVERSION = YES;
				CLANG_WARN_NON_LITERAL_NULL_CONVERSION = YES;
				CLANG_WARN_OBJC_IMPLICIT_RETAIN_SELF = YES;
				CLANG_WARN_OBJC_LITERAL_CONVERSION = YES;
				CLANG_WARN_OBJC_ROOT_CLASS = YES_ERROR;
				CLANG_WARN_QUOTED_INCLUDE_IN_FRAMEWORK_HEADER = YES;
				CLANG_WARN_RANGE_LOOP_ANALYSIS = YES;
				CLANG_WARN_STRICT_PROTOTYPES = YES;
				CLANG_WARN_SUSPICIOUS_MOVE = YES;
				CLANG_WARN_UNGUARDED_AVAILABILITY = YES_AGGRESSIVE;
				CLANG_WARN_UNREACHABLE_CODE = YES;
				CLANG_WARN__DUPLICATE_METHOD_MATCH = YES;
				COPY_PHASE_STRIP = NO;
				DEBUG_INFORMATION_FORMAT = dwarf;
				ENABLE_STRICT_OBJC_MSGSEND = YES;
				ENABLE_TESTABILITY = YES;
				GCC_C_LANGUAGE_STANDARD = gnu11;
				GCC_DYNAMIC_NO_PIC = NO;
				GCC_NO_COMMON_BLOCKS = YES;
				GCC_OPTIMIZATION_LEVEL = 0;
				GCC_PREPROCESSOR_DEFINITIONS = (
					"DEBUG=1",
					"$(inherited)",
				);
				GCC_WARN_64_TO_32_BIT_CONVERSION = YES;
				GCC_WARN_ABOUT_RETURN_TYPE = YES_ERROR;
				GCC_WARN_UNDECLARED_SELECTOR = YES;
				GCC_WARN_UNINITIALIZED_AUTOS = YES_AGGRESSIVE;
				GCC_WARN_UNUSED_FUNCTION = YES;
				GCC_WARN_UNUSED_VARIABLE = YES;
				IPHONEOS_DEPLOYMENT_TARGET = 16.1;
				MTL_ENABLE_DEBUG_INFO = INCLUDE_SOURCE;
				MTL_FAST_MATH = YES;
				ONLY_ACTIVE_ARCH = YES;
				SDKROOT = iphoneos;
				SWIFT_ACTIVE_COMPILATION_CONDITIONS = DEBUG;
				SWIFT_OPTIMIZATION_LEVEL = "-Onone";
			};
			name = Debug;
		};
		6BBFF1042945FAF1009BBC9C /* Release */ = {
			isa = XCBuildConfiguration;
			buildSettings = {
				ALWAYS_SEARCH_USER_PATHS = NO;
				CLANG_ANALYZER_NONNULL = YES;
				CLANG_ANALYZER_NUMBER_OBJECT_CONVERSION = YES_AGGRESSIVE;
				CLANG_CXX_LANGUAGE_STANDARD = "gnu++20";
				CLANG_ENABLE_MODULES = YES;
				CLANG_ENABLE_OBJC_ARC = YES;
				CLANG_ENABLE_OBJC_WEAK = YES;
				CLANG_WARN_BLOCK_CAPTURE_AUTORELEASING = YES;
				CLANG_WARN_BOOL_CONVERSION = YES;
				CLANG_WARN_COMMA = YES;
				CLANG_WARN_CONSTANT_CONVERSION = YES;
				CLANG_WARN_DEPRECATED_OBJC_IMPLEMENTATIONS = YES;
				CLANG_WARN_DIRECT_OBJC_ISA_USAGE = YES_ERROR;
				CLANG_WARN_DOCUMENTATION_COMMENTS = YES;
				CLANG_WARN_EMPTY_BODY = YES;
				CLANG_WARN_ENUM_CONVERSION = YES;
				CLANG_WARN_INFINITE_RECURSION = YES;
				CLANG_WARN_INT_CONVERSION = YES;
				CLANG_WARN_NON_LITERAL_NULL_CONVERSION = YES;
				CLANG_WARN_OBJC_IMPLICIT_RETAIN_SELF = YES;
				CLANG_WARN_OBJC_LITERAL_CONVERSION = YES;
				CLANG_WARN_OBJC_ROOT_CLASS = YES_ERROR;
				CLANG_WARN_QUOTED_INCLUDE_IN_FRAMEWORK_HEADER = YES;
				CLANG_WARN_RANGE_LOOP_ANALYSIS = YES;
				CLANG_WARN_STRICT_PROTOTYPES = YES;
				CLANG_WARN_SUSPICIOUS_MOVE = YES;
				CLANG_WARN_UNGUARDED_AVAILABILITY = YES_AGGRESSIVE;
				CLANG_WARN_UNREACHABLE_CODE = YES;
				CLANG_WARN__DUPLICATE_METHOD_MATCH = YES;
				COPY_PHASE_STRIP = NO;
				DEBUG_INFORMATION_FORMAT = "dwarf-with-dsym";
				ENABLE_NS_ASSERTIONS = NO;
				ENABLE_STRICT_OBJC_MSGSEND = YES;
				GCC_C_LANGUAGE_STANDARD = gnu11;
				GCC_NO_COMMON_BLOCKS = YES;
				GCC_WARN_64_TO_32_BIT_CONVERSION = YES;
				GCC_WARN_ABOUT_RETURN_TYPE = YES_ERROR;
				GCC_WARN_UNDECLARED_SELECTOR = YES;
				GCC_WARN_UNINITIALIZED_AUTOS = YES_AGGRESSIVE;
				GCC_WARN_UNUSED_FUNCTION = YES;
				GCC_WARN_UNUSED_VARIABLE = YES;
				IPHONEOS_DEPLOYMENT_TARGET = 16.1;
				MTL_ENABLE_DEBUG_INFO = NO;
				MTL_FAST_MATH = YES;
				SDKROOT = iphoneos;
				SWIFT_COMPILATION_MODE = wholemodule;
				SWIFT_OPTIMIZATION_LEVEL = "-O";
				VALIDATE_PRODUCT = YES;
			};
			name = Release;
		};
		6BBFF1062945FAF1009BBC9C /* Debug */ = {
			isa = XCBuildConfiguration;
			baseConfigurationReference = 8D06512CB5522780BC8F1364 /* Pods-swift-movie-app-mvvm.debug.xcconfig */;
			buildSettings = {
				ASSETCATALOG_COMPILER_APPICON_NAME = AppIcon;
				ASSETCATALOG_COMPILER_GLOBAL_ACCENT_COLOR_NAME = AccentColor;
				CODE_SIGN_STYLE = Automatic;
				CURRENT_PROJECT_VERSION = 1;
				DEVELOPMENT_TEAM = 8SR9KX5VH8;
				GENERATE_INFOPLIST_FILE = YES;
				INFOPLIST_FILE = "swift-movie-app-mvvm/Application/Info.plist";
				INFOPLIST_KEY_UIApplicationSupportsIndirectInputEvents = YES;
				INFOPLIST_KEY_UILaunchStoryboardName = LaunchScreen;
				INFOPLIST_KEY_UIMainStoryboardFile = Main;
				INFOPLIST_KEY_UISupportedInterfaceOrientations_iPad = "UIInterfaceOrientationPortrait UIInterfaceOrientationPortraitUpsideDown UIInterfaceOrientationLandscapeLeft UIInterfaceOrientationLandscapeRight";
				INFOPLIST_KEY_UISupportedInterfaceOrientations_iPhone = "UIInterfaceOrientationPortrait UIInterfaceOrientationLandscapeLeft UIInterfaceOrientationLandscapeRight";
				LD_RUNPATH_SEARCH_PATHS = (
					"$(inherited)",
					"@executable_path/Frameworks",
				);
				MARKETING_VERSION = 1.0;
				PRODUCT_BUNDLE_IDENTIFIER = "com.example.swift-movie-app-mvvm";
				PRODUCT_NAME = "$(TARGET_NAME)";
				SWIFT_EMIT_LOC_STRINGS = YES;
				SWIFT_VERSION = 5.0;
				TARGETED_DEVICE_FAMILY = "1,2";
			};
			name = Debug;
		};
		6BBFF1072945FAF1009BBC9C /* Release */ = {
			isa = XCBuildConfiguration;
			baseConfigurationReference = 01CEA44361A05D52A4FB9A34 /* Pods-swift-movie-app-mvvm.release.xcconfig */;
			buildSettings = {
				ASSETCATALOG_COMPILER_APPICON_NAME = AppIcon;
				ASSETCATALOG_COMPILER_GLOBAL_ACCENT_COLOR_NAME = AccentColor;
				CODE_SIGN_STYLE = Automatic;
				CURRENT_PROJECT_VERSION = 1;
				DEVELOPMENT_TEAM = 8SR9KX5VH8;
				GENERATE_INFOPLIST_FILE = YES;
				INFOPLIST_FILE = "swift-movie-app-mvvm/Application/Info.plist";
				INFOPLIST_KEY_UIApplicationSupportsIndirectInputEvents = YES;
				INFOPLIST_KEY_UILaunchStoryboardName = LaunchScreen;
				INFOPLIST_KEY_UIMainStoryboardFile = Main;
				INFOPLIST_KEY_UISupportedInterfaceOrientations_iPad = "UIInterfaceOrientationPortrait UIInterfaceOrientationPortraitUpsideDown UIInterfaceOrientationLandscapeLeft UIInterfaceOrientationLandscapeRight";
				INFOPLIST_KEY_UISupportedInterfaceOrientations_iPhone = "UIInterfaceOrientationPortrait UIInterfaceOrientationLandscapeLeft UIInterfaceOrientationLandscapeRight";
				LD_RUNPATH_SEARCH_PATHS = (
					"$(inherited)",
					"@executable_path/Frameworks",
				);
				MARKETING_VERSION = 1.0;
				PRODUCT_BUNDLE_IDENTIFIER = "com.example.swift-movie-app-mvvm";
				PRODUCT_NAME = "$(TARGET_NAME)";
				SWIFT_EMIT_LOC_STRINGS = YES;
				SWIFT_VERSION = 5.0;
				TARGETED_DEVICE_FAMILY = "1,2";
			};
			name = Release;
		};
/* End XCBuildConfiguration section */

/* Begin XCConfigurationList section */
		6BBFF0E92945FAEF009BBC9C /* Build configuration list for PBXProject "swift-movie-app-mvvm" */ = {
			isa = XCConfigurationList;
			buildConfigurations = (
				6BBFF1032945FAF1009BBC9C /* Debug */,
				6BBFF1042945FAF1009BBC9C /* Release */,
			);
			defaultConfigurationIsVisible = 0;
			defaultConfigurationName = Release;
		};
		6BBFF1052945FAF1009BBC9C /* Build configuration list for PBXNativeTarget "swift-movie-app-mvvm" */ = {
			isa = XCConfigurationList;
			buildConfigurations = (
				6BBFF1062945FAF1009BBC9C /* Debug */,
				6BBFF1072945FAF1009BBC9C /* Release */,
			);
			defaultConfigurationIsVisible = 0;
			defaultConfigurationName = Release;
		};
/* End XCConfigurationList section */

/* Begin XCVersionGroup section */
		6BBFF0FA2945FAEF009BBC9C /* swift_movie_app_mvvm.xcdatamodeld */ = {
			isa = XCVersionGroup;
			children = (
				6BBFF0FB2945FAEF009BBC9C /* swift_movie_app_mvvm.xcdatamodel */,
			);
			currentVersion = 6BBFF0FB2945FAEF009BBC9C /* swift_movie_app_mvvm.xcdatamodel */;
			path = swift_movie_app_mvvm.xcdatamodeld;
			sourceTree = "<group>";
			versionGroupType = wrapper.xcdatamodel;
		};
/* End XCVersionGroup section */
	};
	rootObject = 6BBFF0E62945FAEF009BBC9C /* Project object */;
}
